
Microsoft Visual Studio Solution File, Format Version 12.00
# Visual Studio Version 16
VisualStudioVersion = 16.0.29911.84
MinimumVisualStudioVersion = 10.0.40219.1
Project("{FAE04EC0-301F-11D3-BF4B-00C04F79EFBC}") = "BoatRentalSvc", "BoatRentalSvc.csproj", "{9B61E0B9-DB54-4139-B2DB-2FBEE33AEC08}"
EndProject
Global
	GlobalSection(SolutionConfigurationPlatforms) = preSolution
		Debug|Any CPU = Debug|Any CPU
		Release|Any CPU = Release|Any CPU
	EndGlobalSection
	GlobalSection(ProjectConfigurationPlatforms) = postSolution
		{9B61E0B9-DB54-4139-B2DB-2FBEE33AEC08}.Debug|Any CPU.ActiveCfg = Debug|Any CPU
		{9B61E0B9-DB54-4139-B2DB-2FBEE33AEC08}.Debug|Any CPU.Build.0 = Debug|Any CPU
		{9B61E0B9-DB54-4139-B2DB-2FBEE33AEC08}.Release|Any CPU.ActiveCfg = Release|Any CPU
		{9B61E0B9-DB54-4139-B2DB-2FBEE33AEC08}.Release|Any CPU.Build.0 = Release|Any CPU
	EndGlobalSection
	GlobalSection(SolutionProperties) = preSolution
		HideSolutionNode = FALSE
	EndGlobalSection
	GlobalSection(ExtensibilityGlobals) = postSolution
		SolutionGuid = {351302B3-5F39-499D-8600-7FF92815EE51}
	EndGlobalSection
EndGlobal
